
Microsoft Visual Studio Solution File, Format Version 12.00
# Visual Studio Version 17
VisualStudioVersion = 17.0.32112.339
MinimumVisualStudioVersion = 10.0.40219.1
Project("{9A19103F-16F7-4668-BE54-9A1E7A4F7556}") = "D2L.Build.BazelGenerator", "D2L.Build.BazelGenerator\D2L.Build.BazelGenerator.csproj", "{20332AB6-1C78-4846-A2A0-CDB42A31F314}"
EndProject
Global
	GlobalSection(SolutionConfigurationPlatforms) = preSolution
		Debug|Any CPU = Debug|Any CPU
		Release|Any CPU = Release|Any CPU
	EndGlobalSection
	GlobalSection(ProjectConfigurationPlatforms) = postSolution
		{20332AB6-1C78-4846-A2A0-CDB42A31F314}.Debug|Any CPU.ActiveCfg = Debug|Any CPU
		{20332AB6-1C78-4846-A2A0-CDB42A31F314}.Debug|Any CPU.Build.0 = Debug|Any CPU
		{20332AB6-1C78-4846-A2A0-CDB42A31F314}.Release|Any CPU.ActiveCfg = Release|Any CPU
		{20332AB6-1C78-4846-A2A0-CDB42A31F314}.Release|Any CPU.Build.0 = Release|Any CPU
	EndGlobalSection
	GlobalSection(SolutionProperties) = preSolution
		HideSolutionNode = FALSE
	EndGlobalSection
	GlobalSection(ExtensibilityGlobals) = postSolution
		SolutionGuid = {1A48ADC7-2F8A-4019-9F11-48A3774E17B1}
	EndGlobalSection
EndGlobal
